
Microsoft Visual Studio Solution File, Format Version 12.00
# Visual Studio Version 17
VisualStudioVersion = 17.12.35514.174
MinimumVisualStudioVersion = 10.0.40219.1
Project("{9A19103F-16F7-4668-BE54-9A1E7A4F7556}") = "WebAPI", "WebAPI\WebAPI.csproj", "{76B166B0-A8B6-41DE-9F9B-5266969746F9}"
EndProject
Project("{9A19103F-16F7-4668-BE54-9A1E7A4F7556}") = "Domain", "Domain\Domain.csproj", "{FB2685C0-2F04-4CA5-AC8B-5CC25DFE9438}"
EndProject
Project("{9A19103F-16F7-4668-BE54-9A1E7A4F7556}") = "Application", "Application\Application.csproj", "{6978D230-87AE-4F6B-B131-C476CE2B5DDC}"
EndProject
Project("{9A19103F-16F7-4668-BE54-9A1E7A4F7556}") = "Infrastructure", "Infrastructure\Infrastructure.csproj", "{B98E5DD8-6887-4DA8-BCBC-216B6352305D}"
EndProject
Project("{2150E333-8FDC-42A3-9474-1A3956D46DE8}") = "Solution Items", "Solution Items", "{02EA681E-C7D8-13C7-8484-4AC65E1B71E8}"
	ProjectSection(SolutionItems) = preProject
		.editorconfig = .editorconfig
	EndProjectSection
EndProject
Project("{9A19103F-16F7-4668-BE54-9A1E7A4F7556}") = "ZTest", "ZTest\ZTest.csproj", "{8C405F81-C34C-49AB-8D96-0C2DF62B9A8B}"
EndProject
Global
	GlobalSection(SolutionConfigurationPlatforms) = preSolution
		Debug|Any CPU = Debug|Any CPU
		Release|Any CPU = Release|Any CPU
	EndGlobalSection
	GlobalSection(ProjectConfigurationPlatforms) = postSolution
		{76B166B0-A8B6-41DE-9F9B-5266969746F9}.Debug|Any CPU.ActiveCfg = Debug|Any CPU
		{76B166B0-A8B6-41DE-9F9B-5266969746F9}.Debug|Any CPU.Build.0 = Debug|Any CPU
		{76B166B0-A8B6-41DE-9F9B-5266969746F9}.Release|Any CPU.ActiveCfg = Release|Any CPU
		{76B166B0-A8B6-41DE-9F9B-5266969746F9}.Release|Any CPU.Build.0 = Release|Any CPU
		{FB2685C0-2F04-4CA5-AC8B-5CC25DFE9438}.Debug|Any CPU.ActiveCfg = Debug|Any CPU
		{FB2685C0-2F04-4CA5-AC8B-5CC25DFE9438}.Debug|Any CPU.Build.0 = Debug|Any CPU
		{FB2685C0-2F04-4CA5-AC8B-5CC25DFE9438}.Release|Any CPU.ActiveCfg = Release|Any CPU
		{FB2685C0-2F04-4CA5-AC8B-5CC25DFE9438}.Release|Any CPU.Build.0 = Release|Any CPU
		{6978D230-87AE-4F6B-B131-C476CE2B5DDC}.Debug|Any CPU.ActiveCfg = Debug|Any CPU
		{6978D230-87AE-4F6B-B131-C476CE2B5DDC}.Debug|Any CPU.Build.0 = Debug|Any CPU
		{6978D230-87AE-4F6B-B131-C476CE2B5DDC}.Release|Any CPU.ActiveCfg = Release|Any CPU
		{6978D230-87AE-4F6B-B131-C476CE2B5DDC}.Release|Any CPU.Build.0 = Release|Any CPU
		{B98E5DD8-6887-4DA8-BCBC-216B6352305D}.Debug|Any CPU.ActiveCfg = Debug|Any CPU
		{B98E5DD8-6887-4DA8-BCBC-216B6352305D}.Debug|Any CPU.Build.0 = Debug|Any CPU
		{B98E5DD8-6887-4DA8-BCBC-216B6352305D}.Release|Any CPU.ActiveCfg = Release|Any CPU
		{B98E5DD8-6887-4DA8-BCBC-216B6352305D}.Release|Any CPU.Build.0 = Release|Any CPU
		{8C405F81-C34C-49AB-8D96-0C2DF62B9A8B}.Debug|Any CPU.ActiveCfg = Debug|Any CPU
		{8C405F81-C34C-49AB-8D96-0C2DF62B9A8B}.Debug|Any CPU.Build.0 = Debug|Any CPU
		{8C405F81-C34C-49AB-8D96-0C2DF62B9A8B}.Release|Any CPU.ActiveCfg = Release|Any CPU
		{8C405F81-C34C-49AB-8D96-0C2DF62B9A8B}.Release|Any CPU.Build.0 = Release|Any CPU
	EndGlobalSection
	GlobalSection(SolutionProperties) = preSolution
		HideSolutionNode = FALSE
	EndGlobalSection
	GlobalSection(ExtensibilityGlobals) = postSolution
		SolutionGuid = {10E2A671-C3CB-4B7F-91B4-63EB0BD9BF26}
	EndGlobalSection
EndGlobal
